
Microsoft Visual Studio Solution File, Format Version 12.00
# Visual Studio 15
Project("{FAE04EC0-301F-11D3-BF4B-00C04F79EFBC}") = "Assembly-CSharp", "Assembly-CSharp.csproj", "{B61EA8DB-1D65-A325-8321-BE1AC41AECBA}"
EndProject
Global
	GlobalSection(SolutionConfigurationPlatforms) = preSolution
		Debug|Any CPU = Debug|Any CPU
		Release|Any CPU = Release|Any CPU
	EndGlobalSection
	GlobalSection(ProjectConfigurationPlatforms) = postSolution
		{B61EA8DB-1D65-A325-8321-BE1AC41AECBA}.Debug|Any CPU.ActiveCfg = Debug|Any CPU
		{B61EA8DB-1D65-A325-8321-BE1AC41AECBA}.Debug|Any CPU.Build.0 = Debug|Any CPU
		{B61EA8DB-1D65-A325-8321-BE1AC41AECBA}.Release|Any CPU.ActiveCfg = Release|Any CPU
		{B61EA8DB-1D65-A325-8321-BE1AC41AECBA}.Release|Any CPU.Build.0 = Release|Any CPU
	EndGlobalSection
	GlobalSection(SolutionProperties) = preSolution
		HideSolutionNode = FALSE
	EndGlobalSection
EndGlobal
